Microsoft Visual Studio Solution File, Format Version 12.00
# Visual Studio Version 16
VisualStudioVersion = 16.0.29519.87
MinimumVisualStudioVersion = 10.0.40219.1
Project("{8BC9CEB8-8B4A-11D0-8D11-00A0C91BC942}") = "AllSamples", "AllSamples\AllSamples.vcxproj", "{587FD884-498B-4492-9A60-681D06A2E75E}"
	ProjectSection(ProjectDependencies) = postProject
		{088A9A04-BF26-4A32-8506-EB636A171038} = {088A9A04-BF26-4A32-8506-EB636A171038}
		{69ED1005-DF89-4135-89A7-F6D4A2223CD8} = {69ED1005-DF89-4135-89A7-F6D4A2223CD8}
		{7B264207-9ED3-4777-8383-CCCD88B19C05} = {7B264207-9ED3-4777-8383-CCCD88B19C05}
		{49A9BB5D-ACF9-42C2-B489-3F8B426A1661} = {49A9BB5D-ACF9-42C2-B489-3F8B426A1661}
		{BB8F1F5F-618F-496B-8236-9F0B86A47A68} = {BB8F1F5F-618F-496B-8236-9F0B86A47A68}
		{527E9373-E435-4A2F-96E4-30D7D9E6D8AF} = {527E9373-E435-4A2F-96E4-30D7D9E6D8AF}
		{691C3FAC-9050-4927-AE01-0D37AD4ED052} = {691C3FAC-9050-4927-AE01-0D37AD4ED052}
		{D5A47FBC-250B-4873-AE61-0E7E597F1017} = {D5A47FBC-250B-4873-AE61-0E7E597F1017}
		{E60990D8-B022-4149-85AA-1097493C15AE} = {E60990D8-B022-4149-85AA-1097493C15AE}
		{D6069DF5-B07C-4FC5-8A48-D2F315500CA9} = {D6069DF5-B07C-4FC5-8A48-D2F315500CA9}
	EndProjectSection
EndProject
Project("{8BC9CEB8-8B4A-11D0-8D11-00A0C91BC942}") = "wiringGpioExtensions", "wiringGpioExtensions\wiringGpioExtensions.vcxproj", "{E60990D8-B022-4149-85AA-1097493C15AE}"
EndProject
Project("{8BC9CEB8-8B4A-11D0-8D11-00A0C91BC942}") = "HBridge", "HBridge\HBridge.vcxproj", "{D6069DF5-B07C-4FC5-8A48-D2F315500CA9}"
	ProjectSection(ProjectDependencies) = postProject
		{E60990D8-B022-4149-85AA-1097493C15AE} = {E60990D8-B022-4149-85AA-1097493C15AE}
	EndProjectSection
EndProject
Project("{8BC9CEB8-8B4A-11D0-8D11-00A0C91BC942}") = "MotorWithRotaryEncoder", "MotorWithRotaryEncoder\MotorWithRotaryEncoder.vcxproj", "{BB8F1F5F-618F-496B-8236-9F0B86A47A68}"
	ProjectSection(ProjectDependencies) = postProject
		{E60990D8-B022-4149-85AA-1097493C15AE} = {E60990D8-B022-4149-85AA-1097493C15AE}
	EndProjectSection
EndProject
Project("{8BC9CEB8-8B4A-11D0-8D11-00A0C91BC942}") = "MCP23000", "MCP23000\MCP23000.vcxproj", "{088A9A04-BF26-4A32-8506-EB636A171038}"
	ProjectSection(ProjectDependencies) = postProject
		{E60990D8-B022-4149-85AA-1097493C15AE} = {E60990D8-B022-4149-85AA-1097493C15AE}
	EndProjectSection
EndProject
Project("{8BC9CEB8-8B4A-11D0-8D11-00A0C91BC942}") = "PCA9685", "PCA9685\PCA9685.vcxproj", "{D5A47FBC-250B-4873-AE61-0E7E597F1017}"
	ProjectSection(ProjectDependencies) = postProject
		{E60990D8-B022-4149-85AA-1097493C15AE} = {E60990D8-B022-4149-85AA-1097493C15AE}
	EndProjectSection
EndProject
Project("{8BC9CEB8-8B4A-11D0-8D11-00A0C91BC942}") = "PinOnOff", "PinOnOff\PinOnOff.vcxproj", "{7B264207-9ED3-4777-8383-CCCD88B19C05}"
	ProjectSection(ProjectDependencies) = postProject
		{E60990D8-B022-4149-85AA-1097493C15AE} = {E60990D8-B022-4149-85AA-1097493C15AE}
	EndProjectSection
EndProject
Project("{8BC9CEB8-8B4A-11D0-8D11-00A0C91BC942}") = "PWM", "PWM\PWM.vcxproj", "{527E9373-E435-4A2F-96E4-30D7D9E6D8AF}"
	ProjectSection(ProjectDependencies) = postProject
		{E60990D8-B022-4149-85AA-1097493C15AE} = {E60990D8-B022-4149-85AA-1097493C15AE}
	EndProjectSection
EndProject
Project("{8BC9CEB8-8B4A-11D0-8D11-00A0C91BC942}") = "RotaryEncoder", "RotaryEncoder\RotaryEncoder.vcxproj", "{691C3FAC-9050-4927-AE01-0D37AD4ED052}"
	ProjectSection(ProjectDependencies) = postProject
		{E60990D8-B022-4149-85AA-1097493C15AE} = {E60990D8-B022-4149-85AA-1097493C15AE}
	EndProjectSection
EndProject
Project("{8BC9CEB8-8B4A-11D0-8D11-00A0C91BC942}") = "SevenSegDisplay", "SevenSegDisplay\SevenSegDisplay.vcxproj", "{49A9BB5D-ACF9-42C2-B489-3F8B426A1661}"
	ProjectSection(ProjectDependencies) = postProject
		{E60990D8-B022-4149-85AA-1097493C15AE} = {E60990D8-B022-4149-85AA-1097493C15AE}
	EndProjectSection
EndProject
Project("{8BC9CEB8-8B4A-11D0-8D11-00A0C91BC942}") = "StepperMotor", "StepperMotor\StepperMotor.vcxproj", "{69ED1005-DF89-4135-89A7-F6D4A2223CD8}"
	ProjectSection(ProjectDependencies) = postProject
		{E60990D8-B022-4149-85AA-1097493C15AE} = {E60990D8-B022-4149-85AA-1097493C15AE}
	EndProjectSection
EndProject
Project("{8BC9CEB8-8B4A-11D0-8D11-00A0C91BC942}") = "TestThreeDOF", "TestThreeDOF\TestThreeDOF.vcxproj", "{31ABDB84-0E56-4498-A70D-F216DCD8B063}"
	ProjectSection(ProjectDependencies) = postProject
		{E60990D8-B022-4149-85AA-1097493C15AE} = {E60990D8-B022-4149-85AA-1097493C15AE}
	EndProjectSection
EndProject
Project("{8BC9CEB8-8B4A-11D0-8D11-00A0C91BC942}") = "MCP3008", "MCP3008\MCP3008.vcxproj", "{DF85E81E-40B2-43FF-9D1A-76D36A906100}"
	ProjectSection(ProjectDependencies) = postProject
		{E60990D8-B022-4149-85AA-1097493C15AE} = {E60990D8-B022-4149-85AA-1097493C15AE}
	EndProjectSection
EndProject
Global
	GlobalSection(SolutionConfigurationPlatforms) = preSolution
		Debug|x64 = Debug|x64
		Debug|x86 = Debug|x86
		DebugJet|x64 = DebugJet|x64
		DebugJet|x86 = DebugJet|x86
		Release|x64 = Release|x64
		Release|x86 = Release|x86
		ReleaseJet|x64 = ReleaseJet|x64
		ReleaseJet|x86 = ReleaseJet|x86
	EndGlobalSection
	GlobalSection(ProjectConfigurationPlatforms) = postSolution
		{587FD884-498B-4492-9A60-681D06A2E75E}.Debug|x64.ActiveCfg = Debug|Win32
		{587FD884-498B-4492-9A60-681D06A2E75E}.Debug|x86.ActiveCfg = Debug|Win32
		{587FD884-498B-4492-9A60-681D06A2E75E}.Debug|x86.Build.0 = Debug|Win32
		{587FD884-498B-4492-9A60-681D06A2E75E}.DebugJet|x64.ActiveCfg = DebugJet|Win32
		{587FD884-498B-4492-9A60-681D06A2E75E}.DebugJet|x86.ActiveCfg = DebugJet|Win32
		{587FD884-498B-4492-9A60-681D06A2E75E}.Release|x64.ActiveCfg = Release|Win32
		{587FD884-498B-4492-9A60-681D06A2E75E}.Release|x86.ActiveCfg = Release|Win32
		{587FD884-498B-4492-9A60-681D06A2E75E}.Release|x86.Build.0 = Release|Win32
		{587FD884-498B-4492-9A60-681D06A2E75E}.ReleaseJet|x64.ActiveCfg = ReleaseJet|Win32
		{587FD884-498B-4492-9A60-681D06A2E75E}.ReleaseJet|x86.ActiveCfg = ReleaseJet|Win32
		{E60990D8-B022-4149-85AA-1097493C15AE}.Debug|x64.ActiveCfg = Debug|Win32
		{E60990D8-B022-4149-85AA-1097493C15AE}.Debug|x86.ActiveCfg = Debug|Win32
		{E60990D8-B022-4149-85AA-1097493C15AE}.Debug|x86.Build.0 = Debug|Win32
		{E60990D8-B022-4149-85AA-1097493C15AE}.DebugJet|x64.ActiveCfg = DebugJet|Win32
		{E60990D8-B022-4149-85AA-1097493C15AE}.DebugJet|x64.Build.0 = DebugJet|Win32
		{E60990D8-B022-4149-85AA-1097493C15AE}.DebugJet|x86.ActiveCfg = DebugJet|Win32
		{E60990D8-B022-4149-85AA-1097493C15AE}.Release|x64.ActiveCfg = Release|Win32
		{E60990D8-B022-4149-85AA-1097493C15AE}.Release|x86.ActiveCfg = Release|Win32
		{E60990D8-B022-4149-85AA-1097493C15AE}.Release|x86.Build.0 = Release|Win32
		{E60990D8-B022-4149-85AA-1097493C15AE}.ReleaseJet|x64.ActiveCfg = ReleaseJet|Win32
		{E60990D8-B022-4149-85AA-1097493C15AE}.ReleaseJet|x86.ActiveCfg = ReleaseJet|Win32
		{D6069DF5-B07C-4FC5-8A48-D2F315500CA9}.Debug|x64.ActiveCfg = Debug|Win32
		{D6069DF5-B07C-4FC5-8A48-D2F315500CA9}.Debug|x86.ActiveCfg = Debug|Win32
		{D6069DF5-B07C-4FC5-8A48-D2F315500CA9}.Debug|x86.Build.0 = Debug|Win32
		{D6069DF5-B07C-4FC5-8A48-D2F315500CA9}.DebugJet|x64.ActiveCfg = DebugJet|Win32
		{D6069DF5-B07C-4FC5-8A48-D2F315500CA9}.DebugJet|x86.ActiveCfg = DebugJet|Win32
		{D6069DF5-B07C-4FC5-8A48-D2F315500CA9}.Release|x64.ActiveCfg = Release|Win32
		{D6069DF5-B07C-4FC5-8A48-D2F315500CA9}.Release|x86.ActiveCfg = Release|Win32
		{D6069DF5-B07C-4FC5-8A48-D2F315500CA9}.Release|x86.Build.0 = Release|Win32
		{D6069DF5-B07C-4FC5-8A48-D2F315500CA9}.ReleaseJet|x64.ActiveCfg = ReleaseJet|Win32
		{D6069DF5-B07C-4FC5-8A48-D2F315500CA9}.ReleaseJet|x86.ActiveCfg = ReleaseJet|Win32
		{BB8F1F5F-618F-496B-8236-9F0B86A47A68}.Debug|x64.ActiveCfg = Debug|Win32
		{BB8F1F5F-618F-496B-8236-9F0B86A47A68}.Debug|x86.ActiveCfg = Debug|Win32
		{BB8F1F5F-618F-496B-8236-9F0B86A47A68}.Debug|x86.Build.0 = Debug|Win32
		{BB8F1F5F-618F-496B-8236-9F0B86A47A68}.DebugJet|x64.ActiveCfg = DebugJet|Win32
		{BB8F1F5F-618F-496B-8236-9F0B86A47A68}.DebugJet|x86.ActiveCfg = DebugJet|Win32
		{BB8F1F5F-618F-496B-8236-9F0B86A47A68}.Release|x64.ActiveCfg = Release|Win32
		{BB8F1F5F-618F-496B-8236-9F0B86A47A68}.Release|x86.ActiveCfg = Release|Win32
		{BB8F1F5F-618F-496B-8236-9F0B86A47A68}.Release|x86.Build.0 = Release|Win32
		{BB8F1F5F-618F-496B-8236-9F0B86A47A68}.ReleaseJet|x64.ActiveCfg = ReleaseJet|Win32
		{BB8F1F5F-618F-496B-8236-9F0B86A47A68}.ReleaseJet|x86.ActiveCfg = ReleaseJet|Win32
		{088A9A04-BF26-4A32-8506-EB636A171038}.Debug|x64.ActiveCfg = Debug|Win32
		{088A9A04-BF26-4A32-8506-EB636A171038}.Debug|x86.ActiveCfg = Debug|Win32
		{088A9A04-BF26-4A32-8506-EB636A171038}.Debug|x86.Build.0 = Debug|Win32
		{088A9A04-BF26-4A32-8506-EB636A171038}.DebugJet|x64.ActiveCfg = DebugJet|Win32
		{088A9A04-BF26-4A32-8506-EB636A171038}.DebugJet|x86.ActiveCfg = DebugJet|Win32
		{088A9A04-BF26-4A32-8506-EB636A171038}.Release|x64.ActiveCfg = Release|Win32
		{088A9A04-BF26-4A32-8506-EB636A171038}.Release|x86.ActiveCfg = Release|Win32
		{088A9A04-BF26-4A32-8506-EB636A171038}.Release|x86.Build.0 = Release|Win32
		{088A9A04-BF26-4A32-8506-EB636A171038}.ReleaseJet|x64.ActiveCfg = ReleaseJet|Win32
		{088A9A04-BF26-4A32-8506-EB636A171038}.ReleaseJet|x86.ActiveCfg = ReleaseJet|Win32
		{D5A47FBC-250B-4873-AE61-0E7E597F1017}.Debug|x64.ActiveCfg = Debug|Win32
		{D5A47FBC-250B-4873-AE61-0E7E597F1017}.Debug|x86.ActiveCfg = Debug|Win32
		{D5A47FBC-250B-4873-AE61-0E7E597F1017}.Debug|x86.Build.0 = Debug|Win32
		{D5A47FBC-250B-4873-AE61-0E7E597F1017}.DebugJet|x64.ActiveCfg = DebugJet|Win32
		{D5A47FBC-250B-4873-AE61-0E7E597F1017}.DebugJet|x86.ActiveCfg = DebugJet|Win32
		{D5A47FBC-250B-4873-AE61-0E7E597F1017}.Release|x64.ActiveCfg = Release|Win32
		{D5A47FBC-250B-4873-AE61-0E7E597F1017}.Release|x86.ActiveCfg = Release|Win32
		{D5A47FBC-250B-4873-AE61-0E7E597F1017}.Release|x86.Build.0 = Release|Win32
		{D5A47FBC-250B-4873-AE61-0E7E597F1017}.ReleaseJet|x64.ActiveCfg = ReleaseJet|Win32
		{D5A47FBC-250B-4873-AE61-0E7E597F1017}.ReleaseJet|x86.ActiveCfg = ReleaseJet|Win32
		{7B264207-9ED3-4777-8383-CCCD88B19C05}.Debug|x64.ActiveCfg = Debug|Win32
		{7B264207-9ED3-4777-8383-CCCD88B19C05}.Debug|x86.ActiveCfg = Debug|Win32
		{7B264207-9ED3-4777-8383-CCCD88B19C05}.Debug|x86.Build.0 = Debug|Win32
		{7B264207-9ED3-4777-8383-CCCD88B19C05}.DebugJet|x64.ActiveCfg = DebugJet|Win32
		{7B264207-9ED3-4777-8383-CCCD88B19C05}.DebugJet|x86.ActiveCfg = DebugJet|Win32
		{7B264207-9ED3-4777-8383-CCCD88B19C05}.Release|x64.ActiveCfg = Release|Win32
		{7B264207-9ED3-4777-8383-CCCD88B19C05}.Release|x86.ActiveCfg = Release|Win32
		{7B264207-9ED3-4777-8383-CCCD88B19C05}.Release|x86.Build.0 = Release|Win32
		{7B264207-9ED3-4777-8383-CCCD88B19C05}.ReleaseJet|x64.ActiveCfg = ReleaseJet|Win32
		{7B264207-9ED3-4777-8383-CCCD88B19C05}.ReleaseJet|x86.ActiveCfg = ReleaseJet|Win32
		{527E9373-E435-4A2F-96E4-30D7D9E6D8AF}.Debug|x64.ActiveCfg = Debug|Win32
		{527E9373-E435-4A2F-96E4-30D7D9E6D8AF}.Debug|x86.ActiveCfg = Debug|Win32
		{527E9373-E435-4A2F-96E4-30D7D9E6D8AF}.Debug|x86.Build.0 = Debug|Win32
		{527E9373-E435-4A2F-96E4-30D7D9E6D8AF}.DebugJet|x64.ActiveCfg = DebugJet|Win32
		{527E9373-E435-4A2F-96E4-30D7D9E6D8AF}.DebugJet|x86.ActiveCfg = DebugJet|Win32
		{527E9373-E435-4A2F-96E4-30D7D9E6D8AF}.Release|x64.ActiveCfg = Release|Win32
		{527E9373-E435-4A2F-96E4-30D7D9E6D8AF}.Release|x86.ActiveCfg = Release|Win32
		{527E9373-E435-4A2F-96E4-30D7D9E6D8AF}.Release|x86.Build.0 = Release|Win32
		{527E9373-E435-4A2F-96E4-30D7D9E6D8AF}.ReleaseJet|x64.ActiveCfg = ReleaseJet|Win32
		{527E9373-E435-4A2F-96E4-30D7D9E6D8AF}.ReleaseJet|x86.ActiveCfg = ReleaseJet|Win32
		{691C3FAC-9050-4927-AE01-0D37AD4ED052}.Debug|x64.ActiveCfg = Debug|Win32
		{691C3FAC-9050-4927-AE01-0D37AD4ED052}.Debug|x86.ActiveCfg = Debug|Win32
		{691C3FAC-9050-4927-AE01-0D37AD4ED052}.Debug|x86.Build.0 = Debug|Win32
		{691C3FAC-9050-4927-AE01-0D37AD4ED052}.DebugJet|x64.ActiveCfg = DebugJet|Win32
		{691C3FAC-9050-4927-AE01-0D37AD4ED052}.DebugJet|x86.ActiveCfg = DebugJet|Win32
		{691C3FAC-9050-4927-AE01-0D37AD4ED052}.Release|x64.ActiveCfg = Release|Win32
		{691C3FAC-9050-4927-AE01-0D37AD4ED052}.Release|x86.ActiveCfg = Release|Win32
		{691C3FAC-9050-4927-AE01-0D37AD4ED052}.Release|x86.Build.0 = Release|Win32
		{691C3FAC-9050-4927-AE01-0D37AD4ED052}.ReleaseJet|x64.ActiveCfg = ReleaseJet|Win32
		{691C3FAC-9050-4927-AE01-0D37AD4ED052}.ReleaseJet|x86.ActiveCfg = ReleaseJet|Win32
		{49A9BB5D-ACF9-42C2-B489-3F8B426A1661}.Debug|x64.ActiveCfg = Debug|Win32
		{49A9BB5D-ACF9-42C2-B489-3F8B426A1661}.Debug|x86.ActiveCfg = Debug|Win32
		{49A9BB5D-ACF9-42C2-B489-3F8B426A1661}.Debug|x86.Build.0 = Debug|Win32
		{49A9BB5D-ACF9-42C2-B489-3F8B426A1661}.DebugJet|x64.ActiveCfg = DebugJet|Win32
		{49A9BB5D-ACF9-42C2-B489-3F8B426A1661}.DebugJet|x64.Build.0 = DebugJet|Win32
		{49A9BB5D-ACF9-42C2-B489-3F8B426A1661}.DebugJet|x86.ActiveCfg = DebugJet|Win32
		{49A9BB5D-ACF9-42C2-B489-3F8B426A1661}.Release|x64.ActiveCfg = Release|Win32
		{49A9BB5D-ACF9-42C2-B489-3F8B426A1661}.Release|x86.ActiveCfg = Release|Win32
		{49A9BB5D-ACF9-42C2-B489-3F8B426A1661}.Release|x86.Build.0 = Release|Win32
		{49A9BB5D-ACF9-42C2-B489-3F8B426A1661}.ReleaseJet|x64.ActiveCfg = ReleaseJet|Win32
		{49A9BB5D-ACF9-42C2-B489-3F8B426A1661}.ReleaseJet|x86.ActiveCfg = ReleaseJet|Win32
		{69ED1005-DF89-4135-89A7-F6D4A2223CD8}.Debug|x64.ActiveCfg = Debug|Win32
		{69ED1005-DF89-4135-89A7-F6D4A2223CD8}.Debug|x86.ActiveCfg = Debug|Win32
		{69ED1005-DF89-4135-89A7-F6D4A2223CD8}.Debug|x86.Build.0 = Debug|Win32
		{69ED1005-DF89-4135-89A7-F6D4A2223CD8}.DebugJet|x64.ActiveCfg = DebugJet|Win32
		{69ED1005-DF89-4135-89A7-F6D4A2223CD8}.DebugJet|x64.Build.0 = DebugJet|Win32
		{69ED1005-DF89-4135-89A7-F6D4A2223CD8}.DebugJet|x86.ActiveCfg = DebugJet|Win32
		{69ED1005-DF89-4135-89A7-F6D4A2223CD8}.Release|x64.ActiveCfg = Release|Win32
		{69ED1005-DF89-4135-89A7-F6D4A2223CD8}.Release|x86.ActiveCfg = Release|Win32
		{69ED1005-DF89-4135-89A7-F6D4A2223CD8}.Release|x86.Build.0 = Release|Win32
		{69ED1005-DF89-4135-89A7-F6D4A2223CD8}.ReleaseJet|x64.ActiveCfg = ReleaseJet|Win32
		{69ED1005-DF89-4135-89A7-F6D4A2223CD8}.ReleaseJet|x86.ActiveCfg = ReleaseJet|Win32
		{31ABDB84-0E56-4498-A70D-F216DCD8B063}.Debug|x64.ActiveCfg = Debug|Win32
		{31ABDB84-0E56-4498-A70D-F216DCD8B063}.Debug|x86.ActiveCfg = Debug|Win32
		{31ABDB84-0E56-4498-A70D-F216DCD8B063}.Debug|x86.Build.0 = Debug|Win32
		{31ABDB84-0E56-4498-A70D-F216DCD8B063}.DebugJet|x64.ActiveCfg = DebugJet|Win32
		{31ABDB84-0E56-4498-A70D-F216DCD8B063}.DebugJet|x86.ActiveCfg = DebugJet|Win32
		{31ABDB84-0E56-4498-A70D-F216DCD8B063}.Release|x64.ActiveCfg = Release|Win32
		{31ABDB84-0E56-4498-A70D-F216DCD8B063}.Release|x86.ActiveCfg = Release|Win32
		{31ABDB84-0E56-4498-A70D-F216DCD8B063}.Release|x86.Build.0 = Release|Win32
		{31ABDB84-0E56-4498-A70D-F216DCD8B063}.ReleaseJet|x64.ActiveCfg = ReleaseJet|Win32
		{31ABDB84-0E56-4498-A70D-F216DCD8B063}.ReleaseJet|x86.ActiveCfg = ReleaseJet|Win32
		{DF85E81E-40B2-43FF-9D1A-76D36A906100}.Debug|x64.ActiveCfg = Debug|Win32
		{DF85E81E-40B2-43FF-9D1A-76D36A906100}.Debug|x86.ActiveCfg = Debug|Win32
		{DF85E81E-40B2-43FF-9D1A-76D36A906100}.Debug|x86.Build.0 = Debug|Win32
		{DF85E81E-40B2-43FF-9D1A-76D36A906100}.DebugJet|x64.ActiveCfg = DebugJet|Win32
		{DF85E81E-40B2-43FF-9D1A-76D36A906100}.DebugJet|x86.ActiveCfg = DebugJet|Win32
		{DF85E81E-40B2-43FF-9D1A-76D36A906100}.Release|x64.ActiveCfg = Release|Win32
		{DF85E81E-40B2-43FF-9D1A-76D36A906100}.Release|x86.ActiveCfg = Release|Win32
		{DF85E81E-40B2-43FF-9D1A-76D36A906100}.Release|x86.Build.0 = Release|Win32
		{DF85E81E-40B2-43FF-9D1A-76D36A906100}.ReleaseJet|x64.ActiveCfg = ReleaseJet|Win32
		{DF85E81E-40B2-43FF-9D1A-76D36A906100}.ReleaseJet|x86.ActiveCfg = ReleaseJet|Win32
	EndGlobalSection
	GlobalSection(SolutionProperties) = preSolution
		HideSolutionNode = FALSE
	EndGlobalSection
	GlobalSection(ExtensibilityGlobals) = postSolution
		SolutionGuid = {C6F30304-D20B-4666-89B7-BDB710B51264}
	EndGlobalSection
EndGlobal
