<?xml version="1.0" encoding="utf-8"?>
<Project ToolsVersion="4.0" xmlns="http://schemas.microsoft.com/developer/msbuild/2003">
  <ItemGroup>
    <Filter Include="Source files">
      <UniqueIdentifier>{89521d3c-9b87-4309-b786-c7b72ebb648e}</UniqueIdentifier>
      <Extensions>cpp;c;cc;cxx;def;odl;idl;hpj;bat;asm;asmx</Extensions>
    </Filter>
    <Filter Include="Header files">
      <UniqueIdentifier>{819bdee4-5f91-4a4a-a768-d3405f9d9e89}</UniqueIdentifier>
      <Extensions>h;hpp;hxx;hm;inl;inc;xsd</Extensions>
    </Filter>
    <Filter Include="Resource files">
      <UniqueIdentifier>{e13a0ec0-ea0a-4be9-90fa-2a132fe9e9ab}</UniqueIdentifier>
      <Extensions>rc;ico;cur;bmp;dlg;rc2;rct;bin;rgs;gif;jpg;jpeg;jpe;resx;tiff;tif;png;wav</Extensions>
    </Filter>
    <Filter Include="Make files">
      <UniqueIdentifier>{7fbd1825-78ff-4e2a-a696-923a3e90eec6}</UniqueIdentifier>
    </Filter>
    <Filter Include="VisualGDB settings">
      <UniqueIdentifier>{3653a40d-ff3d-48cd-8945-05118ecdbc90}</UniqueIdentifier>
    </Filter>
  </ItemGroup>
  <ItemGroup>
    <None Include="release.mak">
      <Filter>Make files</Filter>
    </None>
    <None Include="debug.mak">
      <Filter>Make files</Filter>
    </None>
    <None Include="PWM-Release.vgdbsettings">
      <Filter>VisualGDB settings</Filter>
    </None>
    <None Include="PWM-Debug.vgdbsettings">
      <Filter>VisualGDB settings</Filter>
    </None>
    <ClCompile Include="main.cpp">
      <Filter>Source files</Filter>
    </ClCompile>
  </ItemGroup>
  <ItemGroup>
    <None Include="Makefile" />
  </ItemGroup>
  <ItemGroup>
    <ClInclude Include="main.h">
      <Filter>Header files</Filter>
    </ClInclude>
    <ClInclude Include="HardwarePwmSample.h">
      <Filter>Header files</Filter>
    </ClInclude>
    <ClInclude Include="SoftwarePwmSample.h">
      <Filter>Header files</Filter>
    </ClInclude>
  </ItemGroup>
  <ItemGroup>
    <ClCompile Include="HardwarePwmSample.cpp">
      <Filter>Source files</Filter>
    </ClCompile>
    <ClCompile Include="SoftwarePwmSample.cpp">
      <Filter>Source files</Filter>
    </ClCompile>
  </ItemGroup>
</Project>