<?xml version="1.0" encoding="utf-8"?>
<Project ToolsVersion="4.0" xmlns="http://schemas.microsoft.com/developer/msbuild/2003">
  <ItemGroup>
    <Filter Include="Source files">
      <UniqueIdentifier>{e3ea04a3-9d5d-4812-8c81-36db67ab7ef7}</UniqueIdentifier>
      <Extensions>cpp;c;cc;cxx;def;odl;idl;hpj;bat;asm;asmx</Extensions>
    </Filter>
    <Filter Include="Header files">
      <UniqueIdentifier>{3919a260-34a0-4256-9e97-b3064c2822b6}</UniqueIdentifier>
      <Extensions>h;hpp;hxx;hm;inl;inc;xsd</Extensions>
    </Filter>
    <Filter Include="Resource files">
      <UniqueIdentifier>{24a00dc3-d34c-4283-b020-f14f50b7ac21}</UniqueIdentifier>
      <Extensions>rc;ico;cur;bmp;dlg;rc2;rct;bin;rgs;gif;jpg;jpeg;jpe;resx;tiff;tif;png;wav</Extensions>
    </Filter>
    <Filter Include="Make files">
      <UniqueIdentifier>{d8a9dc89-30e4-4412-9add-0e4c97d8923e}</UniqueIdentifier>
    </Filter>
    <Filter Include="VisualGDB settings">
      <UniqueIdentifier>{eb18a6d4-36a2-4cea-b41b-60f79196911d}</UniqueIdentifier>
    </Filter>
  </ItemGroup>
  <ItemGroup>
    <None Include="release.mak">
      <Filter>Make files</Filter>
    </None>
    <None Include="debug.mak">
      <Filter>Make files</Filter>
    </None>
    <None Include="StepperMotor-Release.vgdbsettings">
      <Filter>VisualGDB settings</Filter>
    </None>
    <None Include="StepperMotor-Debug.vgdbsettings">
      <Filter>VisualGDB settings</Filter>
    </None>
    <ClCompile Include="main.cpp">
      <Filter>Source files</Filter>
    </ClCompile>
    <None Include="debugjet.mak">
      <Filter>Make files</Filter>
    </None>
    <None Include="releasejet.mak">
      <Filter>Make files</Filter>
    </None>
  </ItemGroup>
  <ItemGroup>
    <None Include="Makefile" />
  </ItemGroup>
  <ItemGroup>
    <ClInclude Include="StepperMotorSample.h">
      <Filter>Header files</Filter>
    </ClInclude>
    <ClInclude Include="..\Logging.h">
      <Filter>Header files</Filter>
    </ClInclude>
    <ClInclude Include="..\Keyboard.h">
      <Filter>Header files</Filter>
    </ClInclude>
  </ItemGroup>
  <ItemGroup>
    <ClCompile Include="StepperMotorSample.cpp">
      <Filter>Source files</Filter>
    </ClCompile>
    <ClCompile Include="..\Logging.cpp">
      <Filter>Source files</Filter>
    </ClCompile>
    <ClCompile Include="..\Keyboard.cpp">
      <Filter>Source files</Filter>
    </ClCompile>
  </ItemGroup>
</Project>